
Microsoft Visual Studio Solution File, Format Version 12.00
# Visual Studio Version 17
VisualStudioVersion = 17.8.34511.84
MinimumVisualStudioVersion = 10.0.40219.1
Project("{FAE04EC0-301F-11D3-BF4B-00C04F79EFBC}") = "Selenium_2_Online_Flight_Booking", "Selenium_2_Online_Flight_Booking\Selenium_2_Online_Flight_Booking.csproj", "{E225C0B2-12A2-40DA-AED3-DD87155C4E66}"
EndProject
Global
	GlobalSection(SolutionConfigurationPlatforms) = preSolution
		Debug|Any CPU = Debug|Any CPU
		Release|Any CPU = Release|Any CPU
	EndGlobalSection
	GlobalSection(ProjectConfigurationPlatforms) = postSolution
		{E225C0B2-12A2-40DA-AED3-DD87155C4E66}.Debug|Any CPU.ActiveCfg = Debug|Any CPU
		{E225C0B2-12A2-40DA-AED3-DD87155C4E66}.Debug|Any CPU.Build.0 = Debug|Any CPU
		{E225C0B2-12A2-40DA-AED3-DD87155C4E66}.Release|Any CPU.ActiveCfg = Release|Any CPU
		{E225C0B2-12A2-40DA-AED3-DD87155C4E66}.Release|Any CPU.Build.0 = Release|Any CPU
	EndGlobalSection
	GlobalSection(SolutionProperties) = preSolution
		HideSolutionNode = FALSE
	EndGlobalSection
	GlobalSection(ExtensibilityGlobals) = postSolution
		SolutionGuid = {B31DD18E-59FF-43F5-A7C0-F32295F0DA56}
	EndGlobalSection
EndGlobal
